
Microsoft Visual Studio Solution File, Format Version 12.00
# Visual Studio 15
VisualStudioVersion = 15.0.28307.1433
MinimumVisualStudioVersion = 10.0.40219.1
Project("{888888A0-9F3D-457C-B088-3A5042F75D52}") = "Snake", "Snake\Snake.pyproj", "{730CCD54-F620-40A8-B3A3-44A8F8AAC9E1}"
EndProject
Global
	GlobalSection(SolutionConfigurationPlatforms) = preSolution
		Debug|Any CPU = Debug|Any CPU
		Release|Any CPU = Release|Any CPU
	EndGlobalSection
	GlobalSection(ProjectConfigurationPlatforms) = postSolution
		{730CCD54-F620-40A8-B3A3-44A8F8AAC9E1}.Debug|Any CPU.ActiveCfg = Debug|Any CPU
		{730CCD54-F620-40A8-B3A3-44A8F8AAC9E1}.Release|Any CPU.ActiveCfg = Release|Any CPU
	EndGlobalSection
	GlobalSection(SolutionProperties) = preSolution
		HideSolutionNode = FALSE
	EndGlobalSection
	GlobalSection(ExtensibilityGlobals) = postSolution
		SolutionGuid = {4D20D30D-6F2A-4537-9DF7-E4869A2E7F14}
	EndGlobalSection
EndGlobal
