
Microsoft Visual Studio Solution File, Format Version 12.00
# Visual Studio 15
VisualStudioVersion = 15.0.28307.1433
MinimumVisualStudioVersion = 10.0.40219.1
Project("{888888A0-9F3D-457C-B088-3A5042F75D52}") = "PythonTest", "PythonTest\PythonTest.pyproj", "{C26958DC-931D-4289-BCEC-FC3FD4778845}"
EndProject
Global
	GlobalSection(SolutionConfigurationPlatforms) = preSolution
		Debug|Any CPU = Debug|Any CPU
		Release|Any CPU = Release|Any CPU
	EndGlobalSection
	GlobalSection(ProjectConfigurationPlatforms) = postSolution
		{C26958DC-931D-4289-BCEC-FC3FD4778845}.Debug|Any CPU.ActiveCfg = Debug|Any CPU
		{C26958DC-931D-4289-BCEC-FC3FD4778845}.Release|Any CPU.ActiveCfg = Release|Any CPU
	EndGlobalSection
	GlobalSection(SolutionProperties) = preSolution
		HideSolutionNode = FALSE
	EndGlobalSection
	GlobalSection(ExtensibilityGlobals) = postSolution
		SolutionGuid = {1803CAC7-15EE-48B3-B499-856FB8CD3036}
	EndGlobalSection
EndGlobal
